# This file is automatically @generated by Cargo.
# It is not intended for manual editing.
version = 4

[[package]]
name = "batpu-assembler"
version = "0.0.1"
dependencies = [
 "batpu-assembly",
]

[[package]]
name = "batpu-assembly"
version = "0.0.1"
source = "git+https://github.com/SDFTDusername/batpu-assembly.git#07206369cf2ba8e5e79529a785967acb9de292c6"
