# This file is automatically @generated by Cargo.
# It is not intended for manual editing.
version = 4

[[package]]
name = "batpu-assembler"
version = "0.0.1"
dependencies = [
 "batpu-assembly",
]

[[package]]
name = "batpu-assembly"
version = "0.0.1"
source = "git+https://github.com/SDFTDusername/batpu-assembly.git#ae356a51e6c2a2f194d929e478d5e6054020e082"
